
Microsoft Visual Studio Solution File, Format Version 12.00
# Visual Studio Version 16
VisualStudioVersion = 16.0.32106.194
MinimumVisualStudioVersion = 10.0.40219.1
Project("{FAE04EC0-301F-11D3-BF4B-00C04F79EFBC}") = "ApiWebMotors", "ApiWebMotors\ApiWebMotors.csproj", "{B8102DB2-A6E0-4974-9335-FBD03F24B4A1}"
EndProject
Project("{FAE04EC0-301F-11D3-BF4B-00C04F79EFBC}") = "Console", "Console\Console.csproj", "{4335F507-097E-40FD-B6BA-98C847894B50}"
EndProject
Project("{FAE04EC0-301F-11D3-BF4B-00C04F79EFBC}") = "Persistencia", "Persistencia\Persistencia.csproj", "{4F8B6817-2D60-4DE8-8AD8-48E032B1DACD}"
EndProject
Global
	GlobalSection(SolutionConfigurationPlatforms) = preSolution
		Debug|Any CPU = Debug|Any CPU
		Release|Any CPU = Release|Any CPU
	EndGlobalSection
	GlobalSection(ProjectConfigurationPlatforms) = postSolution
		{B8102DB2-A6E0-4974-9335-FBD03F24B4A1}.Debug|Any CPU.ActiveCfg = Debug|Any CPU
		{B8102DB2-A6E0-4974-9335-FBD03F24B4A1}.Debug|Any CPU.Build.0 = Debug|Any CPU
		{B8102DB2-A6E0-4974-9335-FBD03F24B4A1}.Release|Any CPU.ActiveCfg = Release|Any CPU
		{B8102DB2-A6E0-4974-9335-FBD03F24B4A1}.Release|Any CPU.Build.0 = Release|Any CPU
		{4335F507-097E-40FD-B6BA-98C847894B50}.Debug|Any CPU.ActiveCfg = Debug|Any CPU
		{4335F507-097E-40FD-B6BA-98C847894B50}.Debug|Any CPU.Build.0 = Debug|Any CPU
		{4335F507-097E-40FD-B6BA-98C847894B50}.Release|Any CPU.ActiveCfg = Release|Any CPU
		{4335F507-097E-40FD-B6BA-98C847894B50}.Release|Any CPU.Build.0 = Release|Any CPU
		{4F8B6817-2D60-4DE8-8AD8-48E032B1DACD}.Debug|Any CPU.ActiveCfg = Debug|Any CPU
		{4F8B6817-2D60-4DE8-8AD8-48E032B1DACD}.Debug|Any CPU.Build.0 = Debug|Any CPU
		{4F8B6817-2D60-4DE8-8AD8-48E032B1DACD}.Release|Any CPU.ActiveCfg = Release|Any CPU
		{4F8B6817-2D60-4DE8-8AD8-48E032B1DACD}.Release|Any CPU.Build.0 = Release|Any CPU
	EndGlobalSection
	GlobalSection(SolutionProperties) = preSolution
		HideSolutionNode = FALSE
	EndGlobalSection
	GlobalSection(ExtensibilityGlobals) = postSolution
		SolutionGuid = {5FD51817-F08B-4297-AC91-492A7F8FA633}
	EndGlobalSection
EndGlobal
